
Microsoft Visual Studio Solution File, Format Version 12.00
# Visual Studio Version 17
VisualStudioVersion = 17.9.34902.65
MinimumVisualStudioVersion = 10.0.40219.1
Project("{FAE04EC0-301F-11D3-BF4B-00C04F79EFBC}") = "dotNet-Core-in-Action-Main-Solution", "dotNet-Core-in-Action-Main-Solution.csproj", "{C4C75137-8451-48E4-84D8-0D84052CD7F7}"
EndProject
Global
	GlobalSection(SolutionConfigurationPlatforms) = preSolution
		Debug|Any CPU = Debug|Any CPU
		Release|Any CPU = Release|Any CPU
	EndGlobalSection
	GlobalSection(ProjectConfigurationPlatforms) = postSolution
		{C4C75137-8451-48E4-84D8-0D84052CD7F7}.Debug|Any CPU.ActiveCfg = Debug|Any CPU
		{C4C75137-8451-48E4-84D8-0D84052CD7F7}.Debug|Any CPU.Build.0 = Debug|Any CPU
		{C4C75137-8451-48E4-84D8-0D84052CD7F7}.Release|Any CPU.ActiveCfg = Release|Any CPU
		{C4C75137-8451-48E4-84D8-0D84052CD7F7}.Release|Any CPU.Build.0 = Release|Any CPU
	EndGlobalSection
	GlobalSection(SolutionProperties) = preSolution
		HideSolutionNode = FALSE
	EndGlobalSection
	GlobalSection(ExtensibilityGlobals) = postSolution
		SolutionGuid = {2662F334-F78C-4C2D-9F63-90335ECC74B9}
	EndGlobalSection
EndGlobal
