
Microsoft Visual Studio Solution File, Format Version 12.00
# Visual Studio Version 17
VisualStudioVersion = 17.9.34902.65
MinimumVisualStudioVersion = 10.0.40219.1
Project("{FAE04EC0-301F-11D3-BF4B-00C04F79EFBC}") = "WebAPI_Hello_World", "WebAPI_Hello_World.csproj", "{83AAAFFA-B10F-4744-AE8C-84F0CF9B4987}"
EndProject
Global
	GlobalSection(SolutionConfigurationPlatforms) = preSolution
		Debug|Any CPU = Debug|Any CPU
		Release|Any CPU = Release|Any CPU
	EndGlobalSection
	GlobalSection(ProjectConfigurationPlatforms) = postSolution
		{83AAAFFA-B10F-4744-AE8C-84F0CF9B4987}.Debug|Any CPU.ActiveCfg = Debug|Any CPU
		{83AAAFFA-B10F-4744-AE8C-84F0CF9B4987}.Debug|Any CPU.Build.0 = Debug|Any CPU
		{83AAAFFA-B10F-4744-AE8C-84F0CF9B4987}.Release|Any CPU.ActiveCfg = Release|Any CPU
		{83AAAFFA-B10F-4744-AE8C-84F0CF9B4987}.Release|Any CPU.Build.0 = Release|Any CPU
	EndGlobalSection
	GlobalSection(SolutionProperties) = preSolution
		HideSolutionNode = FALSE
	EndGlobalSection
	GlobalSection(ExtensibilityGlobals) = postSolution
		SolutionGuid = {E2BFE140-0161-4ACB-B5E5-921C32C57A0E}
	EndGlobalSection
EndGlobal
