
Microsoft Visual Studio Solution File, Format Version 12.00
# Visual Studio Version 17
VisualStudioVersion = 17.9.34902.65
MinimumVisualStudioVersion = 10.0.40219.1
Project("{FAE04EC0-301F-11D3-BF4B-00C04F79EFBC}") = "InputValidation_and_Annotation", "InputValidation_and_Annotation.csproj", "{5B09BD0D-5ED6-410E-8138-08050931B008}"
EndProject
Global
	GlobalSection(SolutionConfigurationPlatforms) = preSolution
		Debug|Any CPU = Debug|Any CPU
		Release|Any CPU = Release|Any CPU
	EndGlobalSection
	GlobalSection(ProjectConfigurationPlatforms) = postSolution
		{5B09BD0D-5ED6-410E-8138-08050931B008}.Debug|Any CPU.ActiveCfg = Debug|Any CPU
		{5B09BD0D-5ED6-410E-8138-08050931B008}.Debug|Any CPU.Build.0 = Debug|Any CPU
		{5B09BD0D-5ED6-410E-8138-08050931B008}.Release|Any CPU.ActiveCfg = Release|Any CPU
		{5B09BD0D-5ED6-410E-8138-08050931B008}.Release|Any CPU.Build.0 = Release|Any CPU
	EndGlobalSection
	GlobalSection(SolutionProperties) = preSolution
		HideSolutionNode = FALSE
	EndGlobalSection
	GlobalSection(ExtensibilityGlobals) = postSolution
		SolutionGuid = {E97E71B5-C43C-4013-80A2-70815A16617D}
	EndGlobalSection
EndGlobal
