
Microsoft Visual Studio Solution File, Format Version 12.00
# Visual Studio Version 17
VisualStudioVersion = 17.9.34902.65
MinimumVisualStudioVersion = 10.0.40219.1
Project("{FAE04EC0-301F-11D3-BF4B-00C04F79EFBC}") = "JSON_API_Response_Codes", "JSON_API_Response_Codes.csproj", "{2AFC0009-56BA-41E0-873D-10ECE96DDBDF}"
EndProject
Global
	GlobalSection(SolutionConfigurationPlatforms) = preSolution
		Debug|Any CPU = Debug|Any CPU
		Release|Any CPU = Release|Any CPU
	EndGlobalSection
	GlobalSection(ProjectConfigurationPlatforms) = postSolution
		{2AFC0009-56BA-41E0-873D-10ECE96DDBDF}.Debug|Any CPU.ActiveCfg = Debug|Any CPU
		{2AFC0009-56BA-41E0-873D-10ECE96DDBDF}.Debug|Any CPU.Build.0 = Debug|Any CPU
		{2AFC0009-56BA-41E0-873D-10ECE96DDBDF}.Release|Any CPU.ActiveCfg = Release|Any CPU
		{2AFC0009-56BA-41E0-873D-10ECE96DDBDF}.Release|Any CPU.Build.0 = Release|Any CPU
	EndGlobalSection
	GlobalSection(SolutionProperties) = preSolution
		HideSolutionNode = FALSE
	EndGlobalSection
	GlobalSection(ExtensibilityGlobals) = postSolution
		SolutionGuid = {3A739ACE-1BF2-491D-9C76-03F3FEBD4836}
	EndGlobalSection
EndGlobal
