
Microsoft Visual Studio Solution File, Format Version 12.00
# Visual Studio Version 17
VisualStudioVersion = 17.9.34902.65
MinimumVisualStudioVersion = 10.0.40219.1
Project("{FAE04EC0-301F-11D3-BF4B-00C04F79EFBC}") = "ServiceLifetimes", "ServiceLifetimes.csproj", "{27005857-9846-43C3-BF6D-789BEADBAA44}"
EndProject
Global
	GlobalSection(SolutionConfigurationPlatforms) = preSolution
		Debug|Any CPU = Debug|Any CPU
		Release|Any CPU = Release|Any CPU
	EndGlobalSection
	GlobalSection(ProjectConfigurationPlatforms) = postSolution
		{27005857-9846-43C3-BF6D-789BEADBAA44}.Debug|Any CPU.ActiveCfg = Debug|Any CPU
		{27005857-9846-43C3-BF6D-789BEADBAA44}.Debug|Any CPU.Build.0 = Debug|Any CPU
		{27005857-9846-43C3-BF6D-789BEADBAA44}.Release|Any CPU.ActiveCfg = Release|Any CPU
		{27005857-9846-43C3-BF6D-789BEADBAA44}.Release|Any CPU.Build.0 = Release|Any CPU
	EndGlobalSection
	GlobalSection(SolutionProperties) = preSolution
		HideSolutionNode = FALSE
	EndGlobalSection
	GlobalSection(ExtensibilityGlobals) = postSolution
		SolutionGuid = {D861B104-6789-42D1-8A9E-30236D469412}
	EndGlobalSection
EndGlobal
