
Microsoft Visual Studio Solution File, Format Version 12.00
# Visual Studio Version 17
VisualStudioVersion = 17.9.34902.65
MinimumVisualStudioVersion = 10.0.40219.1
Project("{FAE04EC0-301F-11D3-BF4B-00C04F79EFBC}") = "Razor_Routing", "Razor_Routing.csproj", "{D6EA4BD2-3436-44E4-B1F5-DD04B100A491}"
EndProject
Global
	GlobalSection(SolutionConfigurationPlatforms) = preSolution
		Debug|Any CPU = Debug|Any CPU
		Release|Any CPU = Release|Any CPU
	EndGlobalSection
	GlobalSection(ProjectConfigurationPlatforms) = postSolution
		{D6EA4BD2-3436-44E4-B1F5-DD04B100A491}.Debug|Any CPU.ActiveCfg = Debug|Any CPU
		{D6EA4BD2-3436-44E4-B1F5-DD04B100A491}.Debug|Any CPU.Build.0 = Debug|Any CPU
		{D6EA4BD2-3436-44E4-B1F5-DD04B100A491}.Release|Any CPU.ActiveCfg = Release|Any CPU
		{D6EA4BD2-3436-44E4-B1F5-DD04B100A491}.Release|Any CPU.Build.0 = Release|Any CPU
	EndGlobalSection
	GlobalSection(SolutionProperties) = preSolution
		HideSolutionNode = FALSE
	EndGlobalSection
	GlobalSection(ExtensibilityGlobals) = postSolution
		SolutionGuid = {832ED9E8-5A63-4200-BAFF-D9D688103925}
	EndGlobalSection
EndGlobal
