
Microsoft Visual Studio Solution File, Format Version 12.00
# Visual Studio Version 17
VisualStudioVersion = 17.9.34902.65
MinimumVisualStudioVersion = 10.0.40219.1
Project("{FAE04EC0-301F-11D3-BF4B-00C04F79EFBC}") = "Minimal_API_JWT", "Minimal_API_JWT.csproj", "{A32BFEBD-83D6-4B04-AAD1-131EAABE22A0}"
EndProject
Global
	GlobalSection(SolutionConfigurationPlatforms) = preSolution
		Debug|Any CPU = Debug|Any CPU
		Release|Any CPU = Release|Any CPU
	EndGlobalSection
	GlobalSection(ProjectConfigurationPlatforms) = postSolution
		{A32BFEBD-83D6-4B04-AAD1-131EAABE22A0}.Debug|Any CPU.ActiveCfg = Debug|Any CPU
		{A32BFEBD-83D6-4B04-AAD1-131EAABE22A0}.Debug|Any CPU.Build.0 = Debug|Any CPU
		{A32BFEBD-83D6-4B04-AAD1-131EAABE22A0}.Release|Any CPU.ActiveCfg = Release|Any CPU
		{A32BFEBD-83D6-4B04-AAD1-131EAABE22A0}.Release|Any CPU.Build.0 = Release|Any CPU
	EndGlobalSection
	GlobalSection(SolutionProperties) = preSolution
		HideSolutionNode = FALSE
	EndGlobalSection
	GlobalSection(ExtensibilityGlobals) = postSolution
		SolutionGuid = {C5823BFA-B17A-45B4-B5AB-436F34A342C5}
	EndGlobalSection
EndGlobal
