
Microsoft Visual Studio Solution File, Format Version 12.00
# Visual Studio Version 17
VisualStudioVersion = 17.9.34902.65
MinimumVisualStudioVersion = 10.0.40219.1
Project("{FAE04EC0-301F-11D3-BF4B-00C04F79EFBC}") = "MultipleServices", "MultipleServices.csproj", "{B514B1A6-1BED-4678-B36A-BB6771A32232}"
EndProject
Global
	GlobalSection(SolutionConfigurationPlatforms) = preSolution
		Debug|Any CPU = Debug|Any CPU
		Release|Any CPU = Release|Any CPU
	EndGlobalSection
	GlobalSection(ProjectConfigurationPlatforms) = postSolution
		{B514B1A6-1BED-4678-B36A-BB6771A32232}.Debug|Any CPU.ActiveCfg = Debug|Any CPU
		{B514B1A6-1BED-4678-B36A-BB6771A32232}.Debug|Any CPU.Build.0 = Debug|Any CPU
		{B514B1A6-1BED-4678-B36A-BB6771A32232}.Release|Any CPU.ActiveCfg = Release|Any CPU
		{B514B1A6-1BED-4678-B36A-BB6771A32232}.Release|Any CPU.Build.0 = Release|Any CPU
	EndGlobalSection
	GlobalSection(SolutionProperties) = preSolution
		HideSolutionNode = FALSE
	EndGlobalSection
	GlobalSection(ExtensibilityGlobals) = postSolution
		SolutionGuid = {613ADF9F-4BD0-4D9E-9866-9987D2CC077F}
	EndGlobalSection
EndGlobal
